
Microsoft Visual Studio Solution File, Format Version 12.00
# Visual Studio Version 17
VisualStudioVersion = 17.8.34525.116
MinimumVisualStudioVersion = 10.0.40219.1
Project("{FAE04EC0-301F-11D3-BF4B-00C04F79EFBC}") = "CsharpAssignment5", "CsharpAssignment5.csproj", "{FE7B90EF-09D4-4E55-9A0E-FED13B964A8F}"
EndProject
Global
	GlobalSection(SolutionConfigurationPlatforms) = preSolution
		Debug|Any CPU = Debug|Any CPU
		Release|Any CPU = Release|Any CPU
	EndGlobalSection
	GlobalSection(ProjectConfigurationPlatforms) = postSolution
		{FE7B90EF-09D4-4E55-9A0E-FED13B964A8F}.Debug|Any CPU.ActiveCfg = Debug|Any CPU
		{FE7B90EF-09D4-4E55-9A0E-FED13B964A8F}.Debug|Any CPU.Build.0 = Debug|Any CPU
		{FE7B90EF-09D4-4E55-9A0E-FED13B964A8F}.Release|Any CPU.ActiveCfg = Release|Any CPU
		{FE7B90EF-09D4-4E55-9A0E-FED13B964A8F}.Release|Any CPU.Build.0 = Release|Any CPU
	EndGlobalSection
	GlobalSection(SolutionProperties) = preSolution
		HideSolutionNode = FALSE
	EndGlobalSection
	GlobalSection(ExtensibilityGlobals) = postSolution
		SolutionGuid = {F20D8718-1BF8-490E-949D-34B2108A639B}
	EndGlobalSection
EndGlobal
